# This file is automatically @generated by Cargo.
# It is not intended for manual editing.
version = 4

[[package]]
name = "acp-contracts"
version = "0.5.0"

[[package]]
name = "acp-core"
version = "0.5.0"

[[package]]
name = "acp-discovery"
version = "0.5.0"

[[package]]
name = "app-api"
version = "0.5.0"
dependencies = [
 "acp-contracts",
 "acp-core",
]

[[package]]
name = "provider-claude"
version = "0.5.0"

[[package]]
name = "provider-codex"
version = "0.5.0"

[[package]]
name = "provider-copilot"
version = "0.5.0"

[[package]]
name = "service-bin"
version = "0.5.0"
dependencies = [
 "acp-discovery",
 "app-api",
 "provider-claude",
 "provider-codex",
 "provider-copilot",
 "session-store",
]

[[package]]
name = "session-store"
version = "0.5.0"
